
Microsoft Visual Studio Solution File, Format Version 12.00
# Visual Studio 15
VisualStudioVersion = 15.0.28307.645
MinimumVisualStudioVersion = 10.0.40219.1
Project("{FAE04EC0-301F-11D3-BF4B-00C04F79EFBC}") = "ContosoUniversity", "ContosoUniversity\ContosoUniversity.csproj", "{136FA6A3-47E7-46D6-984E-4F669CC4F348}"
EndProject
Global
	GlobalSection(SolutionConfigurationPlatforms) = preSolution
		Debug|Any CPU = Debug|Any CPU
		Release|Any CPU = Release|Any CPU
	EndGlobalSection
	GlobalSection(ProjectConfigurationPlatforms) = postSolution
		{136FA6A3-47E7-46D6-984E-4F669CC4F348}.Debug|Any CPU.ActiveCfg = Debug|Any CPU
		{136FA6A3-47E7-46D6-984E-4F669CC4F348}.Debug|Any CPU.Build.0 = Debug|Any CPU
		{136FA6A3-47E7-46D6-984E-4F669CC4F348}.Release|Any CPU.ActiveCfg = Release|Any CPU
		{136FA6A3-47E7-46D6-984E-4F669CC4F348}.Release|Any CPU.Build.0 = Release|Any CPU
	EndGlobalSection
	GlobalSection(SolutionProperties) = preSolution
		HideSolutionNode = FALSE
	EndGlobalSection
	GlobalSection(ExtensibilityGlobals) = postSolution
		SolutionGuid = {46242765-B47B-4F94-82B2-6F5546B754C0}
	EndGlobalSection
EndGlobal
